// !$*UTF8*$!
{
	archiveVersion = 1;
	classes = {
	};
	objectVersion = 45;
	objects = {

/* Begin PBXAggregateTarget section */
		24416B8111C4CA220047AFDD /* Build & Test */ = {
			isa = PBXAggregateTarget;
			buildConfigurationList = 24416B8A11C4CA520047AFDD /* Build configuration list for PBXAggregateTarget "Build & Test" */;
			buildPhases = (
				24416B8011C4CA220047AFDD /* ShellScript */,
			);
			dependencies = (
				24416B8511C4CA280047AFDD /* PBXTargetDependency */,
			);
			name = "Build & Test";
			productName = "Build & test";
		};
/* End PBXAggregateTarget section */

/* Begin PBXBuildFile section */
		24DD6CF91134B3F500162E58 /* PecTfModule.h in Headers */ = {isa = PBXBuildFile; fileRef = 24DD6CF71134B3F500162E58 /* PecTfModule.h */; };
		24DD6CFA1134B3F500162E58 /* PecTfModule.m in Sources */ = {isa = PBXBuildFile; fileRef = 24DD6CF81134B3F500162E58 /* PecTfModule.m */; };
		24DE9E1111C5FE74003F90F6 /* PecTfModuleAssets.h in Headers */ = {isa = PBXBuildFile; fileRef = 24DE9E0F11C5FE74003F90F6 /* PecTfModuleAssets.h */; };
		24DE9E1211C5FE74003F90F6 /* PecTfModuleAssets.m in Sources */ = {isa = PBXBuildFile; fileRef = 24DE9E1011C5FE74003F90F6 /* PecTfModuleAssets.m */; };
		AA747D9F0F9514B9006C5449 /* PecTf_Prefix.pch in Headers */ = {isa = PBXBuildFile; fileRef = AA747D9E0F9514B9006C5449 /* PecTf_Prefix.pch */; };
		AACBBE4A0F95108600F1A2B1 /* Foundation.framework in Frameworks */ = {isa = PBXBuildFile; fileRef = AACBBE490F95108600F1A2B1 /* Foundation.framework */; };
		B6A5206213C3701C0016C96A /* PecTfTextField.h in Headers */ = {isa = PBXBuildFile; fileRef = B6A5205E13C3701A0016C96A /* PecTfTextField.h */; };
		B6A5206313C3701C0016C96A /* PecTfTextField.m in Sources */ = {isa = PBXBuildFile; fileRef = B6A5205F13C3701B0016C96A /* PecTfTextField.m */; };
		B6A5206413C3701C0016C96A /* PecTfTextFieldProxy.h in Headers */ = {isa = PBXBuildFile; fileRef = B6A5206013C3701B0016C96A /* PecTfTextFieldProxy.h */; };
		B6A5206513C3701C0016C96A /* PecTfTextFieldProxy.m in Sources */ = {isa = PBXBuildFile; fileRef = B6A5206113C3701C0016C96A /* PecTfTextFieldProxy.m */; };
		B6F6BD2613F97C7000AD29C4 /* PEChatWindow.h in Headers */ = {isa = PBXBuildFile; fileRef = B6F6BD2413F97C7000AD29C4 /* PEChatWindow.h */; };
		B6F6BD2713F97C7000AD29C4 /* PEChatWindow.m in Sources */ = {isa = PBXBuildFile; fileRef = B6F6BD2513F97C7000AD29C4 /* PEChatWindow.m */; };
		B6F6BD2E13F97C8200AD29C4 /* PELabel.h in Headers */ = {isa = PBXBuildFile; fileRef = B6F6BD2813F97C7F00AD29C4 /* PELabel.h */; };
		B6F6BD2F13F97C8200AD29C4 /* PELabel.m in Sources */ = {isa = PBXBuildFile; fileRef = B6F6BD2913F97C8000AD29C4 /* PELabel.m */; };
		B6F6BD3013F97C8200AD29C4 /* PEScrollView.h in Headers */ = {isa = PBXBuildFile; fileRef = B6F6BD2A13F97C8000AD29C4 /* PEScrollView.h */; };
		B6F6BD3113F97C8200AD29C4 /* PEScrollView.m in Sources */ = {isa = PBXBuildFile; fileRef = B6F6BD2B13F97C8100AD29C4 /* PEScrollView.m */; };
		B6F6BD3213F97C8200AD29C4 /* PETextArea.h in Headers */ = {isa = PBXBuildFile; fileRef = B6F6BD2C13F97C8200AD29C4 /* PETextArea.h */; };
		B6F6BD3313F97C8200AD29C4 /* PETextArea.m in Sources */ = {isa = PBXBuildFile; fileRef = B6F6BD2D13F97C8200AD29C4 /* PETextArea.m */; };
		B6F6BD3813F97F5500AD29C4 /* HPGrowingTextView.h in Headers */ = {isa = PBXBuildFile; fileRef = B6F6BD3413F97F5400AD29C4 /* HPGrowingTextView.h */; };
		B6F6BD3913F97F5500AD29C4 /* HPGrowingTextView.m in Sources */ = {isa = PBXBuildFile; fileRef = B6F6BD3513F97F5400AD29C4 /* HPGrowingTextView.m */; };
		B6F6BD3A13F97F5500AD29C4 /* HPTextViewInternal.h in Headers */ = {isa = PBXBuildFile; fileRef = B6F6BD3613F97F5500AD29C4 /* HPTextViewInternal.h */; };
		B6F6BD3B13F97F5500AD29C4 /* HPTextViewInternal.m in Sources */ = {isa = PBXBuildFile; fileRef = B6F6BD3713F97F5500AD29C4 /* HPTextViewInternal.m */; };
/* End PBXBuildFile section */

/* Begin PBXContainerItemProxy section */
		24416B8411C4CA280047AFDD /* PBXContainerItemProxy */ = {
			isa = PBXContainerItemProxy;
			containerPortal = 0867D690FE84028FC02AAC07 /* Project object */;
			proxyType = 1;
			remoteGlobalIDString = D2AAC07D0554694100DB518D;
			remoteInfo = textfield;
		};
/* End PBXContainerItemProxy section */

/* Begin PBXFileReference section */
		24DD6CF71134B3F500162E58 /* PecTfModule.h */ = {isa = PBXFileReference; fileEncoding = 4; lastKnownFileType = sourcecode.c.h; name = PecTfModule.h; path = Classes/PecTfModule.h; sourceTree = "<group>"; };
		24DD6CF81134B3F500162E58 /* PecTfModule.m */ = {isa = PBXFileReference; fileEncoding = 4; lastKnownFileType = sourcecode.c.objc; name = PecTfModule.m; path = Classes/PecTfModule.m; sourceTree = "<group>"; };
		24DD6D1B1134B66800162E58 /* titanium.xcconfig */ = {isa = PBXFileReference; fileEncoding = 4; lastKnownFileType = text.xcconfig; path = titanium.xcconfig; sourceTree = "<group>"; };
		24DE9E0F11C5FE74003F90F6 /* PecTfModuleAssets.h */ = {isa = PBXFileReference; fileEncoding = 4; lastKnownFileType = sourcecode.c.h; name = PecTfModuleAssets.h; path = Classes/PecTfModuleAssets.h; sourceTree = "<group>"; };
		24DE9E1011C5FE74003F90F6 /* PecTfModuleAssets.m */ = {isa = PBXFileReference; fileEncoding = 4; lastKnownFileType = sourcecode.c.objc; name = PecTfModuleAssets.m; path = Classes/PecTfModuleAssets.m; sourceTree = "<group>"; };
		AA747D9E0F9514B9006C5449 /* PecTf_Prefix.pch */ = {isa = PBXFileReference; fileEncoding = 4; lastKnownFileType = sourcecode.c.h; path = PecTf_Prefix.pch; sourceTree = SOURCE_ROOT; };
		AACBBE490F95108600F1A2B1 /* Foundation.framework */ = {isa = PBXFileReference; lastKnownFileType = wrapper.framework; name = Foundation.framework; path = System/Library/Frameworks/Foundation.framework; sourceTree = SDKROOT; };
		B6A51F9C13C158BA0016C96A /* app.js */ = {isa = PBXFileReference; lastKnownFileType = sourcecode.javascript; path = app.js; sourceTree = "<group>"; };
		B6A5204C13C23C520016C96A /* README */ = {isa = PBXFileReference; fileEncoding = 4; lastKnownFileType = text; path = README; sourceTree = "<group>"; };
		B6A5205E13C3701A0016C96A /* PecTfTextField.h */ = {isa = PBXFileReference; fileEncoding = 4; lastKnownFileType = sourcecode.c.h; name = PecTfTextField.h; path = Classes/PecTfTextField.h; sourceTree = "<group>"; };
		B6A5205F13C3701B0016C96A /* PecTfTextField.m */ = {isa = PBXFileReference; fileEncoding = 4; lastKnownFileType = sourcecode.c.objc; name = PecTfTextField.m; path = Classes/PecTfTextField.m; sourceTree = "<group>"; };
		B6A5206013C3701B0016C96A /* PecTfTextFieldProxy.h */ = {isa = PBXFileReference; fileEncoding = 4; lastKnownFileType = sourcecode.c.h; name = PecTfTextFieldProxy.h; path = Classes/PecTfTextFieldProxy.h; sourceTree = "<group>"; };
		B6A5206113C3701C0016C96A /* PecTfTextFieldProxy.m */ = {isa = PBXFileReference; fileEncoding = 4; lastKnownFileType = sourcecode.c.objc; name = PecTfTextFieldProxy.m; path = Classes/PecTfTextFieldProxy.m; sourceTree = "<group>"; };
		B6F6BD2413F97C7000AD29C4 /* PEChatWindow.h */ = {isa = PBXFileReference; fileEncoding = 4; lastKnownFileType = sourcecode.c.h; name = PEChatWindow.h; path = Classes/PEChatWindow.h; sourceTree = "<group>"; };
		B6F6BD2513F97C7000AD29C4 /* PEChatWindow.m */ = {isa = PBXFileReference; fileEncoding = 4; lastKnownFileType = sourcecode.c.objc; name = PEChatWindow.m; path = Classes/PEChatWindow.m; sourceTree = "<group>"; };
		B6F6BD2813F97C7F00AD29C4 /* PELabel.h */ = {isa = PBXFileReference; fileEncoding = 4; lastKnownFileType = sourcecode.c.h; name = PELabel.h; path = Classes/PELabel.h; sourceTree = "<group>"; };
		B6F6BD2913F97C8000AD29C4 /* PELabel.m */ = {isa = PBXFileReference; fileEncoding = 4; lastKnownFileType = sourcecode.c.objc; name = PELabel.m; path = Classes/PELabel.m; sourceTree = "<group>"; };
		B6F6BD2A13F97C8000AD29C4 /* PEScrollView.h */ = {isa = PBXFileReference; fileEncoding = 4; lastKnownFileType = sourcecode.c.h; name = PEScrollView.h; path = Classes/PEScrollView.h; sourceTree = "<group>"; };
		B6F6BD2B13F97C8100AD29C4 /* PEScrollView.m */ = {isa = PBXFileReference; fileEncoding = 4; lastKnownFileType = sourcecode.c.objc; name = PEScrollView.m; path = Classes/PEScrollView.m; sourceTree = "<group>"; };
		B6F6BD2C13F97C8200AD29C4 /* PETextArea.h */ = {isa = PBXFileReference; fileEncoding = 4; lastKnownFileType = sourcecode.c.h; name = PETextArea.h; path = Classes/PETextArea.h; sourceTree = "<group>"; };
		B6F6BD2D13F97C8200AD29C4 /* PETextArea.m */ = {isa = PBXFileReference; fileEncoding = 4; lastKnownFileType = sourcecode.c.objc; name = PETextArea.m; path = Classes/PETextArea.m; sourceTree = "<group>"; };
		B6F6BD3413F97F5400AD29C4 /* HPGrowingTextView.h */ = {isa = PBXFileReference; fileEncoding = 4; lastKnownFileType = sourcecode.c.h; name = HPGrowingTextView.h; path = Classes/HPGrowingTextView.h; sourceTree = "<group>"; };
		B6F6BD3513F97F5400AD29C4 /* HPGrowingTextView.m */ = {isa = PBXFileReference; fileEncoding = 4; lastKnownFileType = sourcecode.c.objc; name = HPGrowingTextView.m; path = Classes/HPGrowingTextView.m; sourceTree = "<group>"; };
		B6F6BD3613F97F5500AD29C4 /* HPTextViewInternal.h */ = {isa = PBXFileReference; fileEncoding = 4; lastKnownFileType = sourcecode.c.h; name = HPTextViewInternal.h; path = Classes/HPTextViewInternal.h; sourceTree = "<group>"; };
		B6F6BD3713F97F5500AD29C4 /* HPTextViewInternal.m */ = {isa = PBXFileReference; fileEncoding = 4; lastKnownFileType = sourcecode.c.objc; name = HPTextViewInternal.m; path = Classes/HPTextViewInternal.m; sourceTree = "<group>"; };
		D2AAC07E0554694100DB518D /* libPecTf.a */ = {isa = PBXFileReference; explicitFileType = archive.ar; includeInIndex = 0; path = libPecTf.a; sourceTree = BUILT_PRODUCTS_DIR; };
/* End PBXFileReference section */

/* Begin PBXFrameworksBuildPhase section */
		D2AAC07C0554694100DB518D /* Frameworks */ = {
			isa = PBXFrameworksBuildPhase;
			buildActionMask = 2147483647;
			files = (
				AACBBE4A0F95108600F1A2B1 /* Foundation.framework in Frameworks */,
			);
			runOnlyForDeploymentPostprocessing = 0;
		};
/* End PBXFrameworksBuildPhase section */

/* Begin PBXGroup section */
		034768DFFF38A50411DB9C8B /* Products */ = {
			isa = PBXGroup;
			children = (
				D2AAC07E0554694100DB518D /* libPecTf.a */,
			);
			name = Products;
			sourceTree = "<group>";
		};
		0867D691FE84028FC02AAC07 /* textfield */ = {
			isa = PBXGroup;
			children = (
				B6A5204B13C23C520016C96A /* assets */,
				B6A51F9B13C158BA0016C96A /* example */,
				08FB77AEFE84172EC02AAC07 /* Classes */,
				32C88DFF0371C24200C91783 /* Other Sources */,
				0867D69AFE84028FC02AAC07 /* Frameworks */,
				034768DFFF38A50411DB9C8B /* Products */,
			);
			name = textfield;
			sourceTree = "<group>";
		};
		0867D69AFE84028FC02AAC07 /* Frameworks */ = {
			isa = PBXGroup;
			children = (
				AACBBE490F95108600F1A2B1 /* Foundation.framework */,
			);
			name = Frameworks;
			sourceTree = "<group>";
		};
		08FB77AEFE84172EC02AAC07 /* Classes */ = {
			isa = PBXGroup;
			children = (
				B6F6BCC013F86DEB00AD29C4 /* Controller */,
				B6A51F8113C1575C0016C96A /* GrowingTextView */,
				24DE9E0F11C5FE74003F90F6 /* PecTfModuleAssets.h */,
				24DE9E1011C5FE74003F90F6 /* PecTfModuleAssets.m */,
				24DD6CF71134B3F500162E58 /* PecTfModule.h */,
				24DD6CF81134B3F500162E58 /* PecTfModule.m */,
				B6A5205E13C3701A0016C96A /* PecTfTextField.h */,
				B6A5205F13C3701B0016C96A /* PecTfTextField.m */,
				B6A5206013C3701B0016C96A /* PecTfTextFieldProxy.h */,
				B6A5206113C3701C0016C96A /* PecTfTextFieldProxy.m */,
			);
			name = Classes;
			sourceTree = "<group>";
		};
		32C88DFF0371C24200C91783 /* Other Sources */ = {
			isa = PBXGroup;
			children = (
				AA747D9E0F9514B9006C5449 /* PecTf_Prefix.pch */,
				24DD6D1B1134B66800162E58 /* titanium.xcconfig */,
			);
			name = "Other Sources";
			sourceTree = "<group>";
		};
		B6A51F8113C1575C0016C96A /* GrowingTextView */ = {
			isa = PBXGroup;
			children = (
				B6F6BD3413F97F5400AD29C4 /* HPGrowingTextView.h */,
				B6F6BD3513F97F5400AD29C4 /* HPGrowingTextView.m */,
				B6F6BD3613F97F5500AD29C4 /* HPTextViewInternal.h */,
				B6F6BD3713F97F5500AD29C4 /* HPTextViewInternal.m */,
				B6F6BD2813F97C7F00AD29C4 /* PELabel.h */,
				B6F6BD2913F97C8000AD29C4 /* PELabel.m */,
				B6F6BD2A13F97C8000AD29C4 /* PEScrollView.h */,
				B6F6BD2B13F97C8100AD29C4 /* PEScrollView.m */,
				B6F6BD2C13F97C8200AD29C4 /* PETextArea.h */,
				B6F6BD2D13F97C8200AD29C4 /* PETextArea.m */,
			);
			name = GrowingTextView;
			sourceTree = "<group>";
		};
		B6A51F9B13C158BA0016C96A /* example */ = {
			isa = PBXGroup;
			children = (
				B6A51F9C13C158BA0016C96A /* app.js */,
			);
			path = example;
			sourceTree = "<group>";
		};
		B6A5204B13C23C520016C96A /* assets */ = {
			isa = PBXGroup;
			children = (
				B6A5204C13C23C520016C96A /* README */,
			);
			path = assets;
			sourceTree = "<group>";
		};
		B6F6BCC013F86DEB00AD29C4 /* Controller */ = {
			isa = PBXGroup;
			children = (
				B6F6BD2413F97C7000AD29C4 /* PEChatWindow.h */,
				B6F6BD2513F97C7000AD29C4 /* PEChatWindow.m */,
			);
			name = Controller;
			sourceTree = "<group>";
		};
/* End PBXGroup section */

/* Begin PBXHeadersBuildPhase section */
		D2AAC07A0554694100DB518D /* Headers */ = {
			isa = PBXHeadersBuildPhase;
			buildActionMask = 2147483647;
			files = (
				AA747D9F0F9514B9006C5449 /* PecTf_Prefix.pch in Headers */,
				24DD6CF91134B3F500162E58 /* PecTfModule.h in Headers */,
				24DE9E1111C5FE74003F90F6 /* PecTfModuleAssets.h in Headers */,
				B6A5206213C3701C0016C96A /* PecTfTextField.h in Headers */,
				B6A5206413C3701C0016C96A /* PecTfTextFieldProxy.h in Headers */,
				B6F6BD2613F97C7000AD29C4 /* PEChatWindow.h in Headers */,
				B6F6BD2E13F97C8200AD29C4 /* PELabel.h in Headers */,
				B6F6BD3013F97C8200AD29C4 /* PEScrollView.h in Headers */,
				B6F6BD3213F97C8200AD29C4 /* PETextArea.h in Headers */,
				B6F6BD3813F97F5500AD29C4 /* HPGrowingTextView.h in Headers */,
				B6F6BD3A13F97F5500AD29C4 /* HPTextViewInternal.h in Headers */,
			);
			runOnlyForDeploymentPostprocessing = 0;
		};
/* End PBXHeadersBuildPhase section */

/* Begin PBXNativeTarget section */
		D2AAC07D0554694100DB518D /* textfield */ = {
			isa = PBXNativeTarget;
			buildConfigurationList = 1DEB921E08733DC00010E9CD /* Build configuration list for PBXNativeTarget "textfield" */;
			buildPhases = (
				D2AAC07A0554694100DB518D /* Headers */,
				D2AAC07B0554694100DB518D /* Sources */,
				D2AAC07C0554694100DB518D /* Frameworks */,
			);
			buildRules = (
			);
			dependencies = (
			);
			name = textfield;
			productName = textfield;
			productReference = D2AAC07E0554694100DB518D /* libPecTf.a */;
			productType = "com.apple.product-type.library.static";
		};
/* End PBXNativeTarget section */

/* Begin PBXProject section */
		0867D690FE84028FC02AAC07 /* Project object */ = {
			isa = PBXProject;
			buildConfigurationList = 1DEB922208733DC00010E9CD /* Build configuration list for PBXProject "textfield" */;
			compatibilityVersion = "Xcode 3.1";
			developmentRegion = English;
			hasScannedForEncodings = 1;
			knownRegions = (
				English,
				Japanese,
				French,
				German,
			);
			mainGroup = 0867D691FE84028FC02AAC07 /* textfield */;
			productRefGroup = 034768DFFF38A50411DB9C8B /* Products */;
			projectDirPath = "";
			projectRoot = "";
			targets = (
				D2AAC07D0554694100DB518D /* textfield */,
				24416B8111C4CA220047AFDD /* Build & Test */,
			);
		};
/* End PBXProject section */

/* Begin PBXShellScriptBuildPhase section */
		24416B8011C4CA220047AFDD /* ShellScript */ = {
			isa = PBXShellScriptBuildPhase;
			buildActionMask = 2147483647;
			files = (
			);
			inputPaths = (
			);
			outputPaths = (
			);
			runOnlyForDeploymentPostprocessing = 0;
			shellPath = /bin/sh;
			shellScript = "# shell script goes here\n\npython \"${TITANIUM_SDK}/titanium.py\" run --dir=\"${PROJECT_DIR}\"\nexit $?\n";
		};
/* End PBXShellScriptBuildPhase section */

/* Begin PBXSourcesBuildPhase section */
		D2AAC07B0554694100DB518D /* Sources */ = {
			isa = PBXSourcesBuildPhase;
			buildActionMask = 2147483647;
			files = (
				24DD6CFA1134B3F500162E58 /* PecTfModule.m in Sources */,
				24DE9E1211C5FE74003F90F6 /* PecTfModuleAssets.m in Sources */,
				B6A5206313C3701C0016C96A /* PecTfTextField.m in Sources */,
				B6A5206513C3701C0016C96A /* PecTfTextFieldProxy.m in Sources */,
				B6F6BD2713F97C7000AD29C4 /* PEChatWindow.m in Sources */,
				B6F6BD2F13F97C8200AD29C4 /* PELabel.m in Sources */,
				B6F6BD3113F97C8200AD29C4 /* PEScrollView.m in Sources */,
				B6F6BD3313F97C8200AD29C4 /* PETextArea.m in Sources */,
				B6F6BD3913F97F5500AD29C4 /* HPGrowingTextView.m in Sources */,
				B6F6BD3B13F97F5500AD29C4 /* HPTextViewInternal.m in Sources */,
			);
			runOnlyForDeploymentPostprocessing = 0;
		};
/* End PBXSourcesBuildPhase section */

/* Begin PBXTargetDependency section */
		24416B8511C4CA280047AFDD /* PBXTargetDependency */ = {
			isa = PBXTargetDependency;
			target = D2AAC07D0554694100DB518D /* textfield */;
			targetProxy = 24416B8411C4CA280047AFDD /* PBXContainerItemProxy */;
		};
/* End PBXTargetDependency section */

/* Begin XCBuildConfiguration section */
		1DEB921F08733DC00010E9CD /* Debug */ = {
			isa = XCBuildConfiguration;
			baseConfigurationReference = 24DD6D1B1134B66800162E58 /* titanium.xcconfig */;
			buildSettings = {
				ALWAYS_SEARCH_USER_PATHS = NO;
				ARCHS = "$(ARCHS_STANDARD_32_BIT)";
				COPY_PHASE_STRIP = NO;
				DSTROOT = /tmp/PecTf.dst;
				GCC_DYNAMIC_NO_PIC = NO;
				GCC_ENABLE_FIX_AND_CONTINUE = YES;
				GCC_MODEL_TUNING = G5;
				GCC_OPTIMIZATION_LEVEL = 0;
				GCC_PRECOMPILE_PREFIX_HEADER = YES;
				GCC_PREFIX_HEADER = PecTf_Prefix.pch;
				INSTALL_PATH = /usr/local/lib;
				PRODUCT_NAME = PecTf;
				SDKROOT = iphoneos;
			};
			name = Debug;
		};
		1DEB922008733DC00010E9CD /* Release */ = {
			isa = XCBuildConfiguration;
			baseConfigurationReference = 24DD6D1B1134B66800162E58 /* titanium.xcconfig */;
			buildSettings = {
				ALWAYS_SEARCH_USER_PATHS = NO;
				ARCHS = "$(ARCHS_STANDARD_32_BIT)";
				DSTROOT = /tmp/PecTf.dst;
				GCC_MODEL_TUNING = G5;
				GCC_PRECOMPILE_PREFIX_HEADER = YES;
				GCC_PREFIX_HEADER = PecTf_Prefix.pch;
				INSTALL_PATH = /usr/local/lib;
				PRODUCT_NAME = PecTf;
				SDKROOT = iphoneos;
			};
			name = Release;
		};
		1DEB922308733DC00010E9CD /* Debug */ = {
			isa = XCBuildConfiguration;
			baseConfigurationReference = 24DD6D1B1134B66800162E58 /* titanium.xcconfig */;
			buildSettings = {
				ARCHS = "$(ARCHS_STANDARD_32_BIT)";
				GCC_C_LANGUAGE_STANDARD = c99;
				GCC_OPTIMIZATION_LEVEL = 0;
				GCC_WARN_ABOUT_RETURN_TYPE = YES;
				GCC_WARN_UNUSED_VARIABLE = YES;
				OTHER_LDFLAGS = "";
				PREBINDING = NO;
				SDKROOT = iphoneos4.0;
			};
			name = Debug;
		};
		1DEB922408733DC00010E9CD /* Release */ = {
			isa = XCBuildConfiguration;
			baseConfigurationReference = 24DD6D1B1134B66800162E58 /* titanium.xcconfig */;
			buildSettings = {
				ARCHS = "$(ARCHS_STANDARD_32_BIT)";
				GCC_C_LANGUAGE_STANDARD = c99;
				GCC_WARN_ABOUT_RETURN_TYPE = YES;
				GCC_WARN_UNUSED_VARIABLE = YES;
				OTHER_LDFLAGS = "";
				PREBINDING = NO;
				SDKROOT = iphoneos4.0;
			};
			name = Release;
		};
		24416B8211C4CA220047AFDD /* Debug */ = {
			isa = XCBuildConfiguration;
			baseConfigurationReference = 24DD6D1B1134B66800162E58 /* titanium.xcconfig */;
			buildSettings = {
				COPY_PHASE_STRIP = NO;
				GCC_DYNAMIC_NO_PIC = NO;
				GCC_OPTIMIZATION_LEVEL = 0;
				PRODUCT_NAME = "Build & test";
			};
			name = Debug;
		};
		24416B8311C4CA220047AFDD /* Release */ = {
			isa = XCBuildConfiguration;
			baseConfigurationReference = 24DD6D1B1134B66800162E58 /* titanium.xcconfig */;
			buildSettings = {
				COPY_PHASE_STRIP = YES;
				DEBUG_INFORMATION_FORMAT = "dwarf-with-dsym";
				GCC_ENABLE_FIX_AND_CONTINUE = NO;
				PRODUCT_NAME = "Build & test";
				ZERO_LINK = NO;
			};
			name = Release;
		};
/* End XCBuildConfiguration section */

/* Begin XCConfigurationList section */
		1DEB921E08733DC00010E9CD /* Build configuration list for PBXNativeTarget "textfield" */ = {
			isa = XCConfigurationList;
			buildConfigurations = (
				1DEB921F08733DC00010E9CD /* Debug */,
				1DEB922008733DC00010E9CD /* Release */,
			);
			defaultConfigurationIsVisible = 0;
			defaultConfigurationName = Release;
		};
		1DEB922208733DC00010E9CD /* Build configuration list for PBXProject "textfield" */ = {
			isa = XCConfigurationList;
			buildConfigurations = (
				1DEB922308733DC00010E9CD /* Debug */,
				1DEB922408733DC00010E9CD /* Release */,
			);
			defaultConfigurationIsVisible = 0;
			defaultConfigurationName = Release;
		};
		24416B8A11C4CA520047AFDD /* Build configuration list for PBXAggregateTarget "Build & Test" */ = {
			isa = XCConfigurationList;
			buildConfigurations = (
				24416B8211C4CA220047AFDD /* Debug */,
				24416B8311C4CA220047AFDD /* Release */,
			);
			defaultConfigurationIsVisible = 0;
			defaultConfigurationName = Release;
		};
/* End XCConfigurationList section */
	};
	rootObject = 0867D690FE84028FC02AAC07 /* Project object */;
}
